
Microsoft Visual Studio Solution File, Format Version 11.00
# Visual Studio 2010
Project("{FAE04EC0-301F-11D3-BF4B-00C04F79EFBC}") = "LanXang.Web", "LanXang.Web\LanXang.Web.csproj", "{84D7FC2E-08D5-470A-894F-178A745E0EDA}"
EndProject
Project("{2150E333-8FDC-42A3-9474-1A3956D46DE8}") = "libs", "libs", "{9A64B1DE-8DA6-4635-8973-532B57EB7950}"
	ProjectSection(SolutionItems) = preProject
		libs\EntityFramework.dll = libs\EntityFramework.dll
		libs\Microsoft.Web.Infrastructure.dll = libs\Microsoft.Web.Infrastructure.dll
		libs\System.Web.Helpers.dll = libs\System.Web.Helpers.dll
		libs\System.Web.Mvc.dll = libs\System.Web.Mvc.dll
		libs\System.Web.Razor.dll = libs\System.Web.Razor.dll
		libs\System.Web.WebPages.Deployment.dll = libs\System.Web.WebPages.Deployment.dll
		libs\System.Web.WebPages.dll = libs\System.Web.WebPages.dll
		libs\System.Web.WebPages.Razor.dll = libs\System.Web.WebPages.Razor.dll
	EndProjectSection
EndProject
Project("{C8D11400-126E-41CD-887F-60BD40844F9E}") = "LanXang.Data", "LanXang.Data\LanXang.Data.dbproj", "{67CBC824-A49E-4E9B-A947-360F3DFE65C3}"
EndProject
Global
	GlobalSection(SolutionConfigurationPlatforms) = preSolution
		Debug|Any CPU = Debug|Any CPU
		Release|Any CPU = Release|Any CPU
	EndGlobalSection
	GlobalSection(ProjectConfigurationPlatforms) = postSolution
		{84D7FC2E-08D5-470A-894F-178A745E0EDA}.Debug|Any CPU.ActiveCfg = Debug|Any CPU
		{84D7FC2E-08D5-470A-894F-178A745E0EDA}.Debug|Any CPU.Build.0 = Debug|Any CPU
		{84D7FC2E-08D5-470A-894F-178A745E0EDA}.Release|Any CPU.ActiveCfg = Release|Any CPU
		{84D7FC2E-08D5-470A-894F-178A745E0EDA}.Release|Any CPU.Build.0 = Release|Any CPU
		{67CBC824-A49E-4E9B-A947-360F3DFE65C3}.Debug|Any CPU.ActiveCfg = Debug|Any CPU
		{67CBC824-A49E-4E9B-A947-360F3DFE65C3}.Debug|Any CPU.Build.0 = Debug|Any CPU
		{67CBC824-A49E-4E9B-A947-360F3DFE65C3}.Release|Any CPU.ActiveCfg = Release|Any CPU
		{67CBC824-A49E-4E9B-A947-360F3DFE65C3}.Release|Any CPU.Build.0 = Release|Any CPU
	EndGlobalSection
	GlobalSection(SolutionProperties) = preSolution
		HideSolutionNode = FALSE
	EndGlobalSection
EndGlobal
